// !$*UTF8*$!
{
	archiveVersion = 1;
	classes = {
	};
	objectVersion = 51;
	objects = {

/* Begin PBXBuildFile section */
		A0DEE1EB857D7F866D3BE81B /* Pods_ios_demo.framework in Frameworks */ = {isa = PBXBuildFile; fileRef = 01DA40B4D20EF0B46AA52EE3 /* Pods_ios_demo.framework */; };
		E3001DA0236FD8CE003AA1E4 /* AppDelegate.m in Sources */ = {isa = PBXBuildFile; fileRef = E3001D9F236FD8CE003AA1E4 /* AppDelegate.m */; };
		E3001DA3236FD8CE003AA1E4 /* SceneDelegate.m in Sources */ = {isa = PBXBuildFile; fileRef = E3001DA2236FD8CE003AA1E4 /* SceneDelegate.m */; };
		E3001DA6236FD8CE003AA1E4 /* ViewController.m in Sources */ = {isa = PBXBuildFile; fileRef = E3001DA5236FD8CE003AA1E4 /* ViewController.m */; };
		E3001DA9236FD8CE003AA1E4 /* Main.storyboard in Resources */ = {isa = PBXBuildFile; fileRef = E3001DA7236FD8CE003AA1E4 /* Main.storyboard */; };
		E3001DAB236FD8CF003AA1E4 /* Assets.xcassets in Resources */ = {isa = PBXBuildFile; fileRef = E3001DAA236FD8CF003AA1E4 /* Assets.xcassets */; };
		E3001DAE236FD8CF003AA1E4 /* LaunchScreen.storyboard in Resources */ = {isa = PBXBuildFile; fileRef = E3001DAC236FD8CF003AA1E4 /* LaunchScreen.storyboard */; };
		E3001DB1236FD8CF003AA1E4 /* main.m in Sources */ = {isa = PBXBuildFile; fileRef = E3001DB0236FD8CF003AA1E4 /* main.m */; };
		E3001DBB236FD8CF003AA1E4 /* ios_demoTests.m in Sources */ = {isa = PBXBuildFile; fileRef = E3001DBA236FD8CF003AA1E4 /* ios_demoTests.m */; };
		E3001DC6236FD8CF003AA1E4 /* ios_demoUITests.m in Sources */ = {isa = PBXBuildFile; fileRef = E3001DC5236FD8CF003AA1E4 /* ios_demoUITests.m */; };
		E3AF4A632371716E0043722F /* pre-package in Resources */ = {isa = PBXBuildFile; fileRef = E3AF4A622371716E0043722F /* pre-package */; };
		E3AF4A67237173A70043722F /* OCatPackageManager.m in Sources */ = {isa = PBXBuildFile; fileRef = E3AF4A66237173A70043722F /* OCatPackageManager.m */; };
		E3BF724A23A2438E0014E65A /* OCatConfiguration.m in Sources */ = {isa = PBXBuildFile; fileRef = E3BF724923A2438E0014E65A /* OCatConfiguration.m */; };
		E3BF724D23A320340014E65A /* WebViewController.m in Sources */ = {isa = PBXBuildFile; fileRef = E3BF724C23A320340014E65A /* WebViewController.m */; };
/* End PBXBuildFile section */

/* Begin PBXContainerItemProxy section */
		E3001DB7236FD8CF003AA1E4 /* PBXContainerItemProxy */ = {
			isa = PBXContainerItemProxy;
			containerPortal = E3001D93236FD8CE003AA1E4 /* Project object */;
			proxyType = 1;
			remoteGlobalIDString = E3001D9A236FD8CE003AA1E4;
			remoteInfo = "ios-demo";
		};
		E3001DC2236FD8CF003AA1E4 /* PBXContainerItemProxy */ = {
			isa = PBXContainerItemProxy;
			containerPortal = E3001D93236FD8CE003AA1E4 /* Project object */;
			proxyType = 1;
			remoteGlobalIDString = E3001D9A236FD8CE003AA1E4;
			remoteInfo = "ios-demo";
		};
/* End PBXContainerItemProxy section */

/* Begin PBXFileReference section */
		01DA40B4D20EF0B46AA52EE3 /* Pods_ios_demo.framework */ = {isa = PBXFileReference; explicitFileType = wrapper.framework; includeInIndex = 0; path = Pods_ios_demo.framework; sourceTree = BUILT_PRODUCTS_DIR; };
		CD7BCE4581ED4615E9149DAA /* Pods-ios-demo.release.xcconfig */ = {isa = PBXFileReference; includeInIndex = 1; lastKnownFileType = text.xcconfig; name = "Pods-ios-demo.release.xcconfig"; path = "Target Support Files/Pods-ios-demo/Pods-ios-demo.release.xcconfig"; sourceTree = "<group>"; };
		CEB5B628D494F7C4F25762EC /* Pods-ios-demo.debug.xcconfig */ = {isa = PBXFileReference; includeInIndex = 1; lastKnownFileType = text.xcconfig; name = "Pods-ios-demo.debug.xcconfig"; path = "Target Support Files/Pods-ios-demo/Pods-ios-demo.debug.xcconfig"; sourceTree = "<group>"; };
		E3001D9B236FD8CE003AA1E4 /* ios-demo.app */ = {isa = PBXFileReference; explicitFileType = wrapper.application; includeInIndex = 0; path = "ios-demo.app"; sourceTree = BUILT_PRODUCTS_DIR; };
		E3001D9E236FD8CE003AA1E4 /* AppDelegate.h */ = {isa = PBXFileReference; lastKnownFileType = sourcecode.c.h; path = AppDelegate.h; sourceTree = "<group>"; };
		E3001D9F236FD8CE003AA1E4 /* AppDelegate.m */ = {isa = PBXFileReference; lastKnownFileType = sourcecode.c.objc; path = AppDelegate.m; sourceTree = "<group>"; };
		E3001DA1236FD8CE003AA1E4 /* SceneDelegate.h */ = {isa = PBXFileReference; lastKnownFileType = sourcecode.c.h; path = SceneDelegate.h; sourceTree = "<group>"; };
		E3001DA2236FD8CE003AA1E4 /* SceneDelegate.m */ = {isa = PBXFileReference; lastKnownFileType = sourcecode.c.objc; path = SceneDelegate.m; sourceTree = "<group>"; };
		E3001DA4236FD8CE003AA1E4 /* ViewController.h */ = {isa = PBXFileReference; lastKnownFileType = sourcecode.c.h; path = ViewController.h; sourceTree = "<group>"; };
		E3001DA5236FD8CE003AA1E4 /* ViewController.m */ = {isa = PBXFileReference; lastKnownFileType = sourcecode.c.objc; path = ViewController.m; sourceTree = "<group>"; };
		E3001DA8236FD8CE003AA1E4 /* Base */ = {isa = PBXFileReference; lastKnownFileType = file.storyboard; name = Base; path = Base.lproj/Main.storyboard; sourceTree = "<group>"; };
		E3001DAA236FD8CF003AA1E4 /* Assets.xcassets */ = {isa = PBXFileReference; lastKnownFileType = folder.assetcatalog; path = Assets.xcassets; sourceTree = "<group>"; };
		E3001DAD236FD8CF003AA1E4 /* Base */ = {isa = PBXFileReference; lastKnownFileType = file.storyboard; name = Base; path = Base.lproj/LaunchScreen.storyboard; sourceTree = "<group>"; };
		E3001DAF236FD8CF003AA1E4 /* Info.plist */ = {isa = PBXFileReference; lastKnownFileType = text.plist.xml; path = Info.plist; sourceTree = "<group>"; };
		E3001DB0236FD8CF003AA1E4 /* main.m */ = {isa = PBXFileReference; lastKnownFileType = sourcecode.c.objc; path = main.m; sourceTree = "<group>"; };
		E3001DB6236FD8CF003AA1E4 /* ios-demoTests.xctest */ = {isa = PBXFileReference; explicitFileType = wrapper.cfbundle; includeInIndex = 0; path = "ios-demoTests.xctest"; sourceTree = BUILT_PRODUCTS_DIR; };
		E3001DBA236FD8CF003AA1E4 /* ios_demoTests.m */ = {isa = PBXFileReference; lastKnownFileType = sourcecode.c.objc; path = ios_demoTests.m; sourceTree = "<group>"; };
		E3001DBC236FD8CF003AA1E4 /* Info.plist */ = {isa = PBXFileReference; lastKnownFileType = text.plist.xml; path = Info.plist; sourceTree = "<group>"; };
		E3001DC1236FD8CF003AA1E4 /* ios-demoUITests.xctest */ = {isa = PBXFileReference; explicitFileType = wrapper.cfbundle; includeInIndex = 0; path = "ios-demoUITests.xctest"; sourceTree = BUILT_PRODUCTS_DIR; };
		E3001DC5236FD8CF003AA1E4 /* ios_demoUITests.m */ = {isa = PBXFileReference; lastKnownFileType = sourcecode.c.objc; path = ios_demoUITests.m; sourceTree = "<group>"; };
		E3001DC7236FD8CF003AA1E4 /* Info.plist */ = {isa = PBXFileReference; lastKnownFileType = text.plist.xml; path = Info.plist; sourceTree = "<group>"; };
		E3AF4A622371716E0043722F /* pre-package */ = {isa = PBXFileReference; lastKnownFileType = folder; path = "pre-package"; sourceTree = "<group>"; };
		E3AF4A65237173A70043722F /* OCatPackageManager.h */ = {isa = PBXFileReference; lastKnownFileType = sourcecode.c.h; path = OCatPackageManager.h; sourceTree = "<group>"; };
		E3AF4A66237173A70043722F /* OCatPackageManager.m */ = {isa = PBXFileReference; lastKnownFileType = sourcecode.c.objc; path = OCatPackageManager.m; sourceTree = "<group>"; };
		E3BF724823A2438E0014E65A /* OCatConfiguration.h */ = {isa = PBXFileReference; lastKnownFileType = sourcecode.c.h; path = OCatConfiguration.h; sourceTree = "<group>"; };
		E3BF724923A2438E0014E65A /* OCatConfiguration.m */ = {isa = PBXFileReference; lastKnownFileType = sourcecode.c.objc; path = OCatConfiguration.m; sourceTree = "<group>"; };
		E3BF724B23A320340014E65A /* WebViewController.h */ = {isa = PBXFileReference; lastKnownFileType = sourcecode.c.h; path = WebViewController.h; sourceTree = "<group>"; };
		E3BF724C23A320340014E65A /* WebViewController.m */ = {isa = PBXFileReference; lastKnownFileType = sourcecode.c.objc; path = WebViewController.m; sourceTree = "<group>"; };
/* End PBXFileReference section */

/* Begin PBXFrameworksBuildPhase section */
		E3001D98236FD8CE003AA1E4 /* Frameworks */ = {
			isa = PBXFrameworksBuildPhase;
			buildActionMask = 2147483647;
			files = (
				A0DEE1EB857D7F866D3BE81B /* Pods_ios_demo.framework in Frameworks */,
			);
			runOnlyForDeploymentPostprocessing = 0;
		};
		E3001DB3236FD8CF003AA1E4 /* Frameworks */ = {
			isa = PBXFrameworksBuildPhase;
			buildActionMask = 2147483647;
			files = (
			);
			runOnlyForDeploymentPostprocessing = 0;
		};
		E3001DBE236FD8CF003AA1E4 /* Frameworks */ = {
			isa = PBXFrameworksBuildPhase;
			buildActionMask = 2147483647;
			files = (
			);
			runOnlyForDeploymentPostprocessing = 0;
		};
/* End PBXFrameworksBuildPhase section */

/* Begin PBXGroup section */
		10454EF3CBF6CAD870260926 /* Pods */ = {
			isa = PBXGroup;
			children = (
				CEB5B628D494F7C4F25762EC /* Pods-ios-demo.debug.xcconfig */,
				CD7BCE4581ED4615E9149DAA /* Pods-ios-demo.release.xcconfig */,
			);
			path = Pods;
			sourceTree = "<group>";
		};
		E3001D92236FD8CE003AA1E4 = {
			isa = PBXGroup;
			children = (
				E3AF4A622371716E0043722F /* pre-package */,
				E3001D9D236FD8CE003AA1E4 /* ios-demo */,
				E3001DB9236FD8CF003AA1E4 /* ios-demoTests */,
				E3001DC4236FD8CF003AA1E4 /* ios-demoUITests */,
				E3001D9C236FD8CE003AA1E4 /* Products */,
				10454EF3CBF6CAD870260926 /* Pods */,
				F2D5E048B9F6F990919E6E6B /* Frameworks */,
			);
			sourceTree = "<group>";
		};
		E3001D9C236FD8CE003AA1E4 /* Products */ = {
			isa = PBXGroup;
			children = (
				E3001D9B236FD8CE003AA1E4 /* ios-demo.app */,
				E3001DB6236FD8CF003AA1E4 /* ios-demoTests.xctest */,
				E3001DC1236FD8CF003AA1E4 /* ios-demoUITests.xctest */,
			);
			name = Products;
			sourceTree = "<group>";
		};
		E3001D9D236FD8CE003AA1E4 /* ios-demo */ = {
			isa = PBXGroup;
			children = (
				E3AF4A642371730F0043722F /* ocat */,
				E3001D9E236FD8CE003AA1E4 /* AppDelegate.h */,
				E3001D9F236FD8CE003AA1E4 /* AppDelegate.m */,
				E3001DA1236FD8CE003AA1E4 /* SceneDelegate.h */,
				E3001DA2236FD8CE003AA1E4 /* SceneDelegate.m */,
				E3BF724B23A320340014E65A /* WebViewController.h */,
				E3BF724C23A320340014E65A /* WebViewController.m */,
				E3001DA4236FD8CE003AA1E4 /* ViewController.h */,
				E3001DA5236FD8CE003AA1E4 /* ViewController.m */,
				E3001DA7236FD8CE003AA1E4 /* Main.storyboard */,
				E3001DAA236FD8CF003AA1E4 /* Assets.xcassets */,
				E3001DAC236FD8CF003AA1E4 /* LaunchScreen.storyboard */,
				E3001DAF236FD8CF003AA1E4 /* Info.plist */,
				E3001DB0236FD8CF003AA1E4 /* main.m */,
			);
			path = "ios-demo";
			sourceTree = "<group>";
		};
		E3001DB9236FD8CF003AA1E4 /* ios-demoTests */ = {
			isa = PBXGroup;
			children = (
				E3001DBA236FD8CF003AA1E4 /* ios_demoTests.m */,
				E3001DBC236FD8CF003AA1E4 /* Info.plist */,
			);
			path = "ios-demoTests";
			sourceTree = "<group>";
		};
		E3001DC4236FD8CF003AA1E4 /* ios-demoUITests */ = {
			isa = PBXGroup;
			children = (
				E3001DC5236FD8CF003AA1E4 /* ios_demoUITests.m */,
				E3001DC7236FD8CF003AA1E4 /* Info.plist */,
			);
			path = "ios-demoUITests";
			sourceTree = "<group>";
		};
		E3AF4A642371730F0043722F /* ocat */ = {
			isa = PBXGroup;
			children = (
				E3AF4A65237173A70043722F /* OCatPackageManager.h */,
				E3AF4A66237173A70043722F /* OCatPackageManager.m */,
				E3BF724823A2438E0014E65A /* OCatConfiguration.h */,
				E3BF724923A2438E0014E65A /* OCatConfiguration.m */,
			);
			path = ocat;
			sourceTree = "<group>";
		};
		F2D5E048B9F6F990919E6E6B /* Frameworks */ = {
			isa = PBXGroup;
			children = (
				01DA40B4D20EF0B46AA52EE3 /* Pods_ios_demo.framework */,
			);
			name = Frameworks;
			sourceTree = "<group>";
		};
/* End PBXGroup section */

/* Begin PBXNativeTarget section */
		E3001D9A236FD8CE003AA1E4 /* ios-demo */ = {
			isa = PBXNativeTarget;
			buildConfigurationList = E3001DCA236FD8CF003AA1E4 /* Build configuration list for PBXNativeTarget "ios-demo" */;
			buildPhases = (
				E5E169F76C9E65DF0A3649D6 /* [CP] Check Pods Manifest.lock */,
				E3001D97236FD8CE003AA1E4 /* Sources */,
				E3001D98236FD8CE003AA1E4 /* Frameworks */,
				E3001D99236FD8CE003AA1E4 /* Resources */,
				4F7E45D5DC49034BBF040699 /* [CP] Embed Pods Frameworks */,
			);
			buildRules = (
			);
			dependencies = (
			);
			name = "ios-demo";
			productName = "ios-demo";
			productReference = E3001D9B236FD8CE003AA1E4 /* ios-demo.app */;
			productType = "com.apple.product-type.application";
		};
		E3001DB5236FD8CF003AA1E4 /* ios-demoTests */ = {
			isa = PBXNativeTarget;
			buildConfigurationList = E3001DCD236FD8CF003AA1E4 /* Build configuration list for PBXNativeTarget "ios-demoTests" */;
			buildPhases = (
				E3001DB2236FD8CF003AA1E4 /* Sources */,
				E3001DB3236FD8CF003AA1E4 /* Frameworks */,
				E3001DB4236FD8CF003AA1E4 /* Resources */,
			);
			buildRules = (
			);
			dependencies = (
				E3001DB8236FD8CF003AA1E4 /* PBXTargetDependency */,
			);
			name = "ios-demoTests";
			productName = "ios-demoTests";
			productReference = E3001DB6236FD8CF003AA1E4 /* ios-demoTests.xctest */;
			productType = "com.apple.product-type.bundle.unit-test";
		};
		E3001DC0236FD8CF003AA1E4 /* ios-demoUITests */ = {
			isa = PBXNativeTarget;
			buildConfigurationList = E3001DD0236FD8CF003AA1E4 /* Build configuration list for PBXNativeTarget "ios-demoUITests" */;
			buildPhases = (
				E3001DBD236FD8CF003AA1E4 /* Sources */,
				E3001DBE236FD8CF003AA1E4 /* Frameworks */,
				E3001DBF236FD8CF003AA1E4 /* Resources */,
			);
			buildRules = (
			);
			dependencies = (
				E3001DC3236FD8CF003AA1E4 /* PBXTargetDependency */,
			);
			name = "ios-demoUITests";
			productName = "ios-demoUITests";
			productReference = E3001DC1236FD8CF003AA1E4 /* ios-demoUITests.xctest */;
			productType = "com.apple.product-type.bundle.ui-testing";
		};
/* End PBXNativeTarget section */

/* Begin PBXProject section */
		E3001D93236FD8CE003AA1E4 /* Project object */ = {
			isa = PBXProject;
			attributes = {
				LastUpgradeCheck = 1110;
				ORGANIZATIONNAME = lhc;
				TargetAttributes = {
					E3001D9A236FD8CE003AA1E4 = {
						CreatedOnToolsVersion = 11.1;
					};
					E3001DB5236FD8CF003AA1E4 = {
						CreatedOnToolsVersion = 11.1;
						TestTargetID = E3001D9A236FD8CE003AA1E4;
					};
					E3001DC0236FD8CF003AA1E4 = {
						CreatedOnToolsVersion = 11.1;
						TestTargetID = E3001D9A236FD8CE003AA1E4;
					};
				};
			};
			buildConfigurationList = E3001D96236FD8CE003AA1E4 /* Build configuration list for PBXProject "ios-demo" */;
			compatibilityVersion = "Xcode 9.3";
			developmentRegion = en;
			hasScannedForEncodings = 0;
			knownRegions = (
				en,
				Base,
			);
			mainGroup = E3001D92236FD8CE003AA1E4;
			productRefGroup = E3001D9C236FD8CE003AA1E4 /* Products */;
			projectDirPath = "";
			projectRoot = "";
			targets = (
				E3001D9A236FD8CE003AA1E4 /* ios-demo */,
				E3001DB5236FD8CF003AA1E4 /* ios-demoTests */,
				E3001DC0236FD8CF003AA1E4 /* ios-demoUITests */,
			);
		};
/* End PBXProject section */

/* Begin PBXResourcesBuildPhase section */
		E3001D99236FD8CE003AA1E4 /* Resources */ = {
			isa = PBXResourcesBuildPhase;
			buildActionMask = 2147483647;
			files = (
				E3001DAE236FD8CF003AA1E4 /* LaunchScreen.storyboard in Resources */,
				E3001DAB236FD8CF003AA1E4 /* Assets.xcassets in Resources */,
				E3001DA9236FD8CE003AA1E4 /* Main.storyboard in Resources */,
				E3AF4A632371716E0043722F /* pre-package in Resources */,
			);
			runOnlyForDeploymentPostprocessing = 0;
		};
		E3001DB4236FD8CF003AA1E4 /* Resources */ = {
			isa = PBXResourcesBuildPhase;
			buildActionMask = 2147483647;
			files = (
			);
			runOnlyForDeploymentPostprocessing = 0;
		};
		E3001DBF236FD8CF003AA1E4 /* Resources */ = {
			isa = PBXResourcesBuildPhase;
			buildActionMask = 2147483647;
			files = (
			);
			runOnlyForDeploymentPostprocessing = 0;
		};
/* End PBXResourcesBuildPhase section */

/* Begin PBXShellScriptBuildPhase section */
		4F7E45D5DC49034BBF040699 /* [CP] Embed Pods Frameworks */ = {
			isa = PBXShellScriptBuildPhase;
			buildActionMask = 2147483647;
			files = (
			);
			inputFileListPaths = (
				"${PODS_ROOT}/Target Support Files/Pods-ios-demo/Pods-ios-demo-frameworks-${CONFIGURATION}-input-files.xcfilelist",
			);
			name = "[CP] Embed Pods Frameworks";
			outputFileListPaths = (
				"${PODS_ROOT}/Target Support Files/Pods-ios-demo/Pods-ios-demo-frameworks-${CONFIGURATION}-output-files.xcfilelist",
			);
			runOnlyForDeploymentPostprocessing = 0;
			shellPath = /bin/sh;
			shellScript = "\"${PODS_ROOT}/Target Support Files/Pods-ios-demo/Pods-ios-demo-frameworks.sh\"\n";
			showEnvVarsInLog = 0;
		};
		E5E169F76C9E65DF0A3649D6 /* [CP] Check Pods Manifest.lock */ = {
			isa = PBXShellScriptBuildPhase;
			buildActionMask = 2147483647;
			files = (
			);
			inputFileListPaths = (
			);
			inputPaths = (
				"${PODS_PODFILE_DIR_PATH}/Podfile.lock",
				"${PODS_ROOT}/Manifest.lock",
			);
			name = "[CP] Check Pods Manifest.lock";
			outputFileListPaths = (
			);
			outputPaths = (
				"$(DERIVED_FILE_DIR)/Pods-ios-demo-checkManifestLockResult.txt",
			);
			runOnlyForDeploymentPostprocessing = 0;
			shellPath = /bin/sh;
			shellScript = "diff \"${PODS_PODFILE_DIR_PATH}/Podfile.lock\" \"${PODS_ROOT}/Manifest.lock\" > /dev/null\nif [ $? != 0 ] ; then\n    # print error to STDERR\n    echo \"error: The sandbox is not in sync with the Podfile.lock. Run 'pod install' or update your CocoaPods installation.\" >&2\n    exit 1\nfi\n# This output is used by Xcode 'outputs' to avoid re-running this script phase.\necho \"SUCCESS\" > \"${SCRIPT_OUTPUT_FILE_0}\"\n";
			showEnvVarsInLog = 0;
		};
/* End PBXShellScriptBuildPhase section */

/* Begin PBXSourcesBuildPhase section */
		E3001D97236FD8CE003AA1E4 /* Sources */ = {
			isa = PBXSourcesBuildPhase;
			buildActionMask = 2147483647;
			files = (
				E3001DA6236FD8CE003AA1E4 /* ViewController.m in Sources */,
				E3BF724D23A320340014E65A /* WebViewController.m in Sources */,
				E3001DA0236FD8CE003AA1E4 /* AppDelegate.m in Sources */,
				E3AF4A67237173A70043722F /* OCatPackageManager.m in Sources */,
				E3001DB1236FD8CF003AA1E4 /* main.m in Sources */,
				E3001DA3236FD8CE003AA1E4 /* SceneDelegate.m in Sources */,
				E3BF724A23A2438E0014E65A /* OCatConfiguration.m in Sources */,
			);
			runOnlyForDeploymentPostprocessing = 0;
		};
		E3001DB2236FD8CF003AA1E4 /* Sources */ = {
			isa = PBXSourcesBuildPhase;
			buildActionMask = 2147483647;
			files = (
				E3001DBB236FD8CF003AA1E4 /* ios_demoTests.m in Sources */,
			);
			runOnlyForDeploymentPostprocessing = 0;
		};
		E3001DBD236FD8CF003AA1E4 /* Sources */ = {
			isa = PBXSourcesBuildPhase;
			buildActionMask = 2147483647;
			files = (
				E3001DC6236FD8CF003AA1E4 /* ios_demoUITests.m in Sources */,
			);
			runOnlyForDeploymentPostprocessing = 0;
		};
/* End PBXSourcesBuildPhase section */

/* Begin PBXTargetDependency section */
		E3001DB8236FD8CF003AA1E4 /* PBXTargetDependency */ = {
			isa = PBXTargetDependency;
			target = E3001D9A236FD8CE003AA1E4 /* ios-demo */;
			targetProxy = E3001DB7236FD8CF003AA1E4 /* PBXContainerItemProxy */;
		};
		E3001DC3236FD8CF003AA1E4 /* PBXTargetDependency */ = {
			isa = PBXTargetDependency;
			target = E3001D9A236FD8CE003AA1E4 /* ios-demo */;
			targetProxy = E3001DC2236FD8CF003AA1E4 /* PBXContainerItemProxy */;
		};
/* End PBXTargetDependency section */

/* Begin PBXVariantGroup section */
		E3001DA7236FD8CE003AA1E4 /* Main.storyboard */ = {
			isa = PBXVariantGroup;
			children = (
				E3001DA8236FD8CE003AA1E4 /* Base */,
			);
			name = Main.storyboard;
			sourceTree = "<group>";
		};
		E3001DAC236FD8CF003AA1E4 /* LaunchScreen.storyboard */ = {
			isa = PBXVariantGroup;
			children = (
				E3001DAD236FD8CF003AA1E4 /* Base */,
			);
			name = LaunchScreen.storyboard;
			sourceTree = "<group>";
		};
/* End PBXVariantGroup section */

/* Begin XCBuildConfiguration section */
		E3001DC8236FD8CF003AA1E4 /* Debug */ = {
			isa = XCBuildConfiguration;
			buildSettings = {
				ALWAYS_SEARCH_USER_PATHS = NO;
				CLANG_ANALYZER_NONNULL = YES;
				CLANG_ANALYZER_NUMBER_OBJECT_CONVERSION = YES_AGGRESSIVE;
				CLANG_CXX_LANGUAGE_STANDARD = "gnu++14";
				CLANG_CXX_LIBRARY = "libc++";
				CLANG_ENABLE_MODULES = YES;
				CLANG_ENABLE_OBJC_ARC = YES;
				CLANG_ENABLE_OBJC_WEAK = YES;
				CLANG_WARN_BLOCK_CAPTURE_AUTORELEASING = YES;
				CLANG_WARN_BOOL_CONVERSION = YES;
				CLANG_WARN_COMMA = YES;
				CLANG_WARN_CONSTANT_CONVERSION = YES;
				CLANG_WARN_DEPRECATED_OBJC_IMPLEMENTATIONS = YES;
				CLANG_WARN_DIRECT_OBJC_ISA_USAGE = YES_ERROR;
				CLANG_WARN_DOCUMENTATION_COMMENTS = YES;
				CLANG_WARN_EMPTY_BODY = YES;
				CLANG_WARN_ENUM_CONVERSION = YES;
				CLANG_WARN_INFINITE_RECURSION = YES;
				CLANG_WARN_INT_CONVERSION = YES;
				CLANG_WARN_NON_LITERAL_NULL_CONVERSION = YES;
				CLANG_WARN_OBJC_IMPLICIT_RETAIN_SELF = YES;
				CLANG_WARN_OBJC_LITERAL_CONVERSION = YES;
				CLANG_WARN_OBJC_ROOT_CLASS = YES_ERROR;
				CLANG_WARN_RANGE_LOOP_ANALYSIS = YES;
				CLANG_WARN_STRICT_PROTOTYPES = YES;
				CLANG_WARN_SUSPICIOUS_MOVE = YES;
				CLANG_WARN_UNGUARDED_AVAILABILITY = YES_AGGRESSIVE;
				CLANG_WARN_UNREACHABLE_CODE = YES;
				CLANG_WARN__DUPLICATE_METHOD_MATCH = YES;
				COPY_PHASE_STRIP = NO;
				DEBUG_INFORMATION_FORMAT = dwarf;
				ENABLE_STRICT_OBJC_MSGSEND = YES;
				ENABLE_TESTABILITY = YES;
				GCC_C_LANGUAGE_STANDARD = gnu11;
				GCC_DYNAMIC_NO_PIC = NO;
				GCC_NO_COMMON_BLOCKS = YES;
				GCC_OPTIMIZATION_LEVEL = 0;
				GCC_PREPROCESSOR_DEFINITIONS = (
					"DEBUG=1",
					"$(inherited)",
				);
				GCC_WARN_64_TO_32_BIT_CONVERSION = YES;
				GCC_WARN_ABOUT_RETURN_TYPE = YES_ERROR;
				GCC_WARN_UNDECLARED_SELECTOR = YES;
				GCC_WARN_UNINITIALIZED_AUTOS = YES_AGGRESSIVE;
				GCC_WARN_UNUSED_FUNCTION = YES;
				GCC_WARN_UNUSED_VARIABLE = YES;
				IPHONEOS_DEPLOYMENT_TARGET = 8.0;
				MTL_ENABLE_DEBUG_INFO = INCLUDE_SOURCE;
				MTL_FAST_MATH = YES;
				ONLY_ACTIVE_ARCH = YES;
				SDKROOT = iphoneos;
			};
			name = Debug;
		};
		E3001DC9236FD8CF003AA1E4 /* Release */ = {
			isa = XCBuildConfiguration;
			buildSettings = {
				ALWAYS_SEARCH_USER_PATHS = NO;
				CLANG_ANALYZER_NONNULL = YES;
				CLANG_ANALYZER_NUMBER_OBJECT_CONVERSION = YES_AGGRESSIVE;
				CLANG_CXX_LANGUAGE_STANDARD = "gnu++14";
				CLANG_CXX_LIBRARY = "libc++";
				CLANG_ENABLE_MODULES = YES;
				CLANG_ENABLE_OBJC_ARC = YES;
				CLANG_ENABLE_OBJC_WEAK = YES;
				CLANG_WARN_BLOCK_CAPTURE_AUTORELEASING = YES;
				CLANG_WARN_BOOL_CONVERSION = YES;
				CLANG_WARN_COMMA = YES;
				CLANG_WARN_CONSTANT_CONVERSION = YES;
				CLANG_WARN_DEPRECATED_OBJC_IMPLEMENTATIONS = YES;
				CLANG_WARN_DIRECT_OBJC_ISA_USAGE = YES_ERROR;
				CLANG_WARN_DOCUMENTATION_COMMENTS = YES;
				CLANG_WARN_EMPTY_BODY = YES;
				CLANG_WARN_ENUM_CONVERSION = YES;
				CLANG_WARN_INFINITE_RECURSION = YES;
				CLANG_WARN_INT_CONVERSION = YES;
				CLANG_WARN_NON_LITERAL_NULL_CONVERSION = YES;
				CLANG_WARN_OBJC_IMPLICIT_RETAIN_SELF = YES;
				CLANG_WARN_OBJC_LITERAL_CONVERSION = YES;
				CLANG_WARN_OBJC_ROOT_CLASS = YES_ERROR;
				CLANG_WARN_RANGE_LOOP_ANALYSIS = YES;
				CLANG_WARN_STRICT_PROTOTYPES = YES;
				CLANG_WARN_SUSPICIOUS_MOVE = YES;
				CLANG_WARN_UNGUARDED_AVAILABILITY = YES_AGGRESSIVE;
				CLANG_WARN_UNREACHABLE_CODE = YES;
				CLANG_WARN__DUPLICATE_METHOD_MATCH = YES;
				COPY_PHASE_STRIP = NO;
				DEBUG_INFORMATION_FORMAT = "dwarf-with-dsym";
				ENABLE_NS_ASSERTIONS = NO;
				ENABLE_STRICT_OBJC_MSGSEND = YES;
				GCC_C_LANGUAGE_STANDARD = gnu11;
				GCC_NO_COMMON_BLOCKS = YES;
				GCC_WARN_64_TO_32_BIT_CONVERSION = YES;
				GCC_WARN_ABOUT_RETURN_TYPE = YES_ERROR;
				GCC_WARN_UNDECLARED_SELECTOR = YES;
				GCC_WARN_UNINITIALIZED_AUTOS = YES_AGGRESSIVE;
				GCC_WARN_UNUSED_FUNCTION = YES;
				GCC_WARN_UNUSED_VARIABLE = YES;
				IPHONEOS_DEPLOYMENT_TARGET = 8.0;
				MTL_ENABLE_DEBUG_INFO = NO;
				MTL_FAST_MATH = YES;
				SDKROOT = iphoneos;
				VALIDATE_PRODUCT = YES;
			};
			name = Release;
		};
		E3001DCB236FD8CF003AA1E4 /* Debug */ = {
			isa = XCBuildConfiguration;
			baseConfigurationReference = CEB5B628D494F7C4F25762EC /* Pods-ios-demo.debug.xcconfig */;
			buildSettings = {
				ASSETCATALOG_COMPILER_APPICON_NAME = AppIcon;
				CODE_SIGN_STYLE = Automatic;
				DEVELOPMENT_TEAM = L3JRZS7A28;
				INFOPLIST_FILE = "ios-demo/Info.plist";
				LD_RUNPATH_SEARCH_PATHS = (
					"$(inherited)",
					"@executable_path/Frameworks",
				);
				PRODUCT_BUNDLE_IDENTIFIER = "com.lhc.ios-demo";
				PRODUCT_NAME = "$(TARGET_NAME)";
				TARGETED_DEVICE_FAMILY = "1,2";
			};
			name = Debug;
		};
		E3001DCC236FD8CF003AA1E4 /* Release */ = {
			isa = XCBuildConfiguration;
			baseConfigurationReference = CD7BCE4581ED4615E9149DAA /* Pods-ios-demo.release.xcconfig */;
			buildSettings = {
				ASSETCATALOG_COMPILER_APPICON_NAME = AppIcon;
				CODE_SIGN_STYLE = Automatic;
				DEVELOPMENT_TEAM = L3JRZS7A28;
				INFOPLIST_FILE = "ios-demo/Info.plist";
				LD_RUNPATH_SEARCH_PATHS = (
					"$(inherited)",
					"@executable_path/Frameworks",
				);
				PRODUCT_BUNDLE_IDENTIFIER = "com.lhc.ios-demo";
				PRODUCT_NAME = "$(TARGET_NAME)";
				TARGETED_DEVICE_FAMILY = "1,2";
			};
			name = Release;
		};
		E3001DCE236FD8CF003AA1E4 /* Debug */ = {
			isa = XCBuildConfiguration;
			buildSettings = {
				BUNDLE_LOADER = "$(TEST_HOST)";
				CODE_SIGN_STYLE = Automatic;
				DEVELOPMENT_TEAM = L3JRZS7A28;
				INFOPLIST_FILE = "ios-demoTests/Info.plist";
				IPHONEOS_DEPLOYMENT_TARGET = 13.1;
				LD_RUNPATH_SEARCH_PATHS = (
					"$(inherited)",
					"@executable_path/Frameworks",
					"@loader_path/Frameworks",
				);
				PRODUCT_BUNDLE_IDENTIFIER = "com.lhc.ios-demoTests";
				PRODUCT_NAME = "$(TARGET_NAME)";
				TARGETED_DEVICE_FAMILY = "1,2";
				TEST_HOST = "$(BUILT_PRODUCTS_DIR)/ios-demo.app/ios-demo";
			};
			name = Debug;
		};
		E3001DCF236FD8CF003AA1E4 /* Release */ = {
			isa = XCBuildConfiguration;
			buildSettings = {
				BUNDLE_LOADER = "$(TEST_HOST)";
				CODE_SIGN_STYLE = Automatic;
				DEVELOPMENT_TEAM = L3JRZS7A28;
				INFOPLIST_FILE = "ios-demoTests/Info.plist";
				IPHONEOS_DEPLOYMENT_TARGET = 13.1;
				LD_RUNPATH_SEARCH_PATHS = (
					"$(inherited)",
					"@executable_path/Frameworks",
					"@loader_path/Frameworks",
				);
				PRODUCT_BUNDLE_IDENTIFIER = "com.lhc.ios-demoTests";
				PRODUCT_NAME = "$(TARGET_NAME)";
				TARGETED_DEVICE_FAMILY = "1,2";
				TEST_HOST = "$(BUILT_PRODUCTS_DIR)/ios-demo.app/ios-demo";
			};
			name = Release;
		};
		E3001DD1236FD8CF003AA1E4 /* Debug */ = {
			isa = XCBuildConfiguration;
			buildSettings = {
				CODE_SIGN_STYLE = Automatic;
				DEVELOPMENT_TEAM = L3JRZS7A28;
				INFOPLIST_FILE = "ios-demoUITests/Info.plist";
				LD_RUNPATH_SEARCH_PATHS = (
					"$(inherited)",
					"@executable_path/Frameworks",
					"@loader_path/Frameworks",
				);
				PRODUCT_BUNDLE_IDENTIFIER = "com.lhc.ios-demoUITests";
				PRODUCT_NAME = "$(TARGET_NAME)";
				TARGETED_DEVICE_FAMILY = "1,2";
				TEST_TARGET_NAME = "ios-demo";
			};
			name = Debug;
		};
		E3001DD2236FD8CF003AA1E4 /* Release */ = {
			isa = XCBuildConfiguration;
			buildSettings = {
				CODE_SIGN_STYLE = Automatic;
				DEVELOPMENT_TEAM = L3JRZS7A28;
				INFOPLIST_FILE = "ios-demoUITests/Info.plist";
				LD_RUNPATH_SEARCH_PATHS = (
					"$(inherited)",
					"@executable_path/Frameworks",
					"@loader_path/Frameworks",
				);
				PRODUCT_BUNDLE_IDENTIFIER = "com.lhc.ios-demoUITests";
				PRODUCT_NAME = "$(TARGET_NAME)";
				TARGETED_DEVICE_FAMILY = "1,2";
				TEST_TARGET_NAME = "ios-demo";
			};
			name = Release;
		};
/* End XCBuildConfiguration section */

/* Begin XCConfigurationList section */
		E3001D96236FD8CE003AA1E4 /* Build configuration list for PBXProject "ios-demo" */ = {
			isa = XCConfigurationList;
			buildConfigurations = (
				E3001DC8236FD8CF003AA1E4 /* Debug */,
				E3001DC9236FD8CF003AA1E4 /* Release */,
			);
			defaultConfigurationIsVisible = 0;
			defaultConfigurationName = Release;
		};
		E3001DCA236FD8CF003AA1E4 /* Build configuration list for PBXNativeTarget "ios-demo" */ = {
			isa = XCConfigurationList;
			buildConfigurations = (
				E3001DCB236FD8CF003AA1E4 /* Debug */,
				E3001DCC236FD8CF003AA1E4 /* Release */,
			);
			defaultConfigurationIsVisible = 0;
			defaultConfigurationName = Release;
		};
		E3001DCD236FD8CF003AA1E4 /* Build configuration list for PBXNativeTarget "ios-demoTests" */ = {
			isa = XCConfigurationList;
			buildConfigurations = (
				E3001DCE236FD8CF003AA1E4 /* Debug */,
				E3001DCF236FD8CF003AA1E4 /* Release */,
			);
			defaultConfigurationIsVisible = 0;
			defaultConfigurationName = Release;
		};
		E3001DD0236FD8CF003AA1E4 /* Build configuration list for PBXNativeTarget "ios-demoUITests" */ = {
			isa = XCConfigurationList;
			buildConfigurations = (
				E3001DD1236FD8CF003AA1E4 /* Debug */,
				E3001DD2236FD8CF003AA1E4 /* Release */,
			);
			defaultConfigurationIsVisible = 0;
			defaultConfigurationName = Release;
		};
/* End XCConfigurationList section */
	};
	rootObject = E3001D93236FD8CE003AA1E4 /* Project object */;
}
